
Microsoft Visual Studio Solution File, Format Version 12.00
# Visual Studio Version 17
VisualStudioVersion = 17.5.33424.131
MinimumVisualStudioVersion = 10.0.40219.1
Project("{FAE04EC0-301F-11D3-BF4B-00C04F79EFBC}") = "AlgoritimTask", "AlgoritimTask.csproj", "{30992E5E-B013-4D79-972F-00EFB25905B6}"
EndProject
Global
	GlobalSection(SolutionConfigurationPlatforms) = preSolution
		Debug|Any CPU = Debug|Any CPU
		Release|Any CPU = Release|Any CPU
	EndGlobalSection
	GlobalSection(ProjectConfigurationPlatforms) = postSolution
		{30992E5E-B013-4D79-972F-00EFB25905B6}.Debug|Any CPU.ActiveCfg = Debug|Any CPU
		{30992E5E-B013-4D79-972F-00EFB25905B6}.Debug|Any CPU.Build.0 = Debug|Any CPU
		{30992E5E-B013-4D79-972F-00EFB25905B6}.Release|Any CPU.ActiveCfg = Release|Any CPU
		{30992E5E-B013-4D79-972F-00EFB25905B6}.Release|Any CPU.Build.0 = Release|Any CPU
	EndGlobalSection
	GlobalSection(SolutionProperties) = preSolution
		HideSolutionNode = FALSE
	EndGlobalSection
	GlobalSection(ExtensibilityGlobals) = postSolution
		SolutionGuid = {9FC45D95-CF5D-49D0-8DA3-FA06CDD98910}
	EndGlobalSection
EndGlobal
